
Microsoft Visual Studio Solution File, Format Version 12.00
# Visual Studio Version 16
VisualStudioVersion = 25.0.1700.0
MinimumVisualStudioVersion = 10.0.40219.1
Project("{FAE04EC0-301F-11D3-BF4B-00C04F79EFBC}") = "Enterspeed.Migrator", "Enterspeed.Migrator.csproj", "{1F7B1627-DE80-485F-9294-9A51D7F291E0}"
EndProject
Project("{FAE04EC0-301F-11D3-BF4B-00C04F79EFBC}") = "Enterspeed.Migrator.UI", "..\Enterspeed.Migrator.UI\Enterspeed.Migrator.UI.csproj", "{C61F5380-5816-4BF8-859E-4EB86630B350}"
EndProject
Global
	GlobalSection(SolutionConfigurationPlatforms) = preSolution
		Debug|Any CPU = Debug|Any CPU
		Release|Any CPU = Release|Any CPU
	EndGlobalSection
	GlobalSection(ProjectConfigurationPlatforms) = postSolution
		{1F7B1627-DE80-485F-9294-9A51D7F291E0}.Debug|Any CPU.ActiveCfg = Debug|Any CPU
		{1F7B1627-DE80-485F-9294-9A51D7F291E0}.Debug|Any CPU.Build.0 = Debug|Any CPU
		{1F7B1627-DE80-485F-9294-9A51D7F291E0}.Release|Any CPU.ActiveCfg = Release|Any CPU
		{1F7B1627-DE80-485F-9294-9A51D7F291E0}.Release|Any CPU.Build.0 = Release|Any CPU
		{C61F5380-5816-4BF8-859E-4EB86630B350}.Debug|Any CPU.ActiveCfg = Debug|Any CPU
		{C61F5380-5816-4BF8-859E-4EB86630B350}.Debug|Any CPU.Build.0 = Debug|Any CPU
		{C61F5380-5816-4BF8-859E-4EB86630B350}.Release|Any CPU.ActiveCfg = Release|Any CPU
		{C61F5380-5816-4BF8-859E-4EB86630B350}.Release|Any CPU.Build.0 = Release|Any CPU
	EndGlobalSection
	GlobalSection(SolutionProperties) = preSolution
		HideSolutionNode = FALSE
	EndGlobalSection
	GlobalSection(ExtensibilityGlobals) = postSolution
		SolutionGuid = {648E5924-98EE-426B-9D34-C40C6119C388}
	EndGlobalSection
EndGlobal
