
Microsoft Visual Studio Solution File, Format Version 12.00
# Visual Studio Version 17
VisualStudioVersion = 17.2.32516.85
MinimumVisualStudioVersion = 10.0.40219.1
Project("{9A19103F-16F7-4668-BE54-9A1E7A4F7556}") = "Enterspeed.Migrator.UI", "Enterspeed.Migrator.UI\Enterspeed.Migrator.UI.csproj", "{77E0CF41-5861-4668-8E59-B2945F5EC8BB}"
EndProject
Project("{9A19103F-16F7-4668-BE54-9A1E7A4F7556}") = "Enterspeed.Migrator", "Enterspeed.Migrator\Enterspeed.Migrator.csproj", "{0546A9CB-629B-4838-9BE0-D1C2485AE541}"
EndProject
Global
	GlobalSection(SolutionConfigurationPlatforms) = preSolution
		Debug|Any CPU = Debug|Any CPU
		Release|Any CPU = Release|Any CPU
	EndGlobalSection
	GlobalSection(ProjectConfigurationPlatforms) = postSolution
		{77E0CF41-5861-4668-8E59-B2945F5EC8BB}.Debug|Any CPU.ActiveCfg = Debug|Any CPU
		{77E0CF41-5861-4668-8E59-B2945F5EC8BB}.Debug|Any CPU.Build.0 = Debug|Any CPU
		{77E0CF41-5861-4668-8E59-B2945F5EC8BB}.Release|Any CPU.ActiveCfg = Release|Any CPU
		{77E0CF41-5861-4668-8E59-B2945F5EC8BB}.Release|Any CPU.Build.0 = Release|Any CPU
		{0546A9CB-629B-4838-9BE0-D1C2485AE541}.Debug|Any CPU.ActiveCfg = Debug|Any CPU
		{0546A9CB-629B-4838-9BE0-D1C2485AE541}.Debug|Any CPU.Build.0 = Debug|Any CPU
		{0546A9CB-629B-4838-9BE0-D1C2485AE541}.Release|Any CPU.ActiveCfg = Release|Any CPU
		{0546A9CB-629B-4838-9BE0-D1C2485AE541}.Release|Any CPU.Build.0 = Release|Any CPU
	EndGlobalSection
	GlobalSection(SolutionProperties) = preSolution
		HideSolutionNode = FALSE
	EndGlobalSection
	GlobalSection(ExtensibilityGlobals) = postSolution
		SolutionGuid = {648E5924-98EE-426B-9D34-C40C6119C388}
	EndGlobalSection
EndGlobal
