
Microsoft Visual Studio Solution File, Format Version 12.00
# Visual Studio Version 17
VisualStudioVersion = 17.0.31912.275
MinimumVisualStudioVersion = 10.0.40219.1
Project("{2150E333-8FDC-42A3-9474-1A3956D46DE8}") = "TestSites", "TestSites", "{61AB5A64-BD98-4B21-8704-B2616934F28C}"
EndProject
Project("{2150E333-8FDC-42A3-9474-1A3956D46DE8}") = "Packages", "Packages", "{577CE0AD-7557-454F-8342-1E931669EA5E}"
EndProject
Project("{9A19103F-16F7-4668-BE54-9A1E7A4F7556}") = "Umbraco9.Migrator.Package", "Packages\Umbraco9.Migrator.Package\Umbraco9.Migrator.Package.csproj", "{C177952F-027C-4C86-8C74-C0AD445E8A3E}"
EndProject
Project("{2150E333-8FDC-42A3-9474-1A3956D46DE8}") = "Migrators", "Migrators", "{8D064D52-AD5D-47C0-8359-260453DF1454}"
EndProject
Project("{2150E333-8FDC-42A3-9474-1A3956D46DE8}") = "Enterspeed", "Enterspeed", "{9D45C286-6A5D-4395-8D9E-5AE9CCDDD7BC}"
EndProject
Project("{9A19103F-16F7-4668-BE54-9A1E7A4F7556}") = "Umbraco9.Migrator", "Migrators\Umbraco9.Migrator\Umbraco9.Migrator.csproj", "{8ECAD522-D44C-49AE-9233-D8217EA9C5C7}"
EndProject
Project("{9A19103F-16F7-4668-BE54-9A1E7A4F7556}") = "Umbraco91.TestSite", "TestSites\Umbraco91.TestSite\Umbraco91.TestSite.csproj", "{643D1E62-2E71-4897-89B2-9B1D52184B22}"
EndProject
Global
	GlobalSection(SolutionConfigurationPlatforms) = preSolution
		Debug|Any CPU = Debug|Any CPU
		Release|Any CPU = Release|Any CPU
	EndGlobalSection
	GlobalSection(ProjectConfigurationPlatforms) = postSolution
		{C177952F-027C-4C86-8C74-C0AD445E8A3E}.Debug|Any CPU.ActiveCfg = Debug|Any CPU
		{C177952F-027C-4C86-8C74-C0AD445E8A3E}.Debug|Any CPU.Build.0 = Debug|Any CPU
		{C177952F-027C-4C86-8C74-C0AD445E8A3E}.Release|Any CPU.ActiveCfg = Release|Any CPU
		{C177952F-027C-4C86-8C74-C0AD445E8A3E}.Release|Any CPU.Build.0 = Release|Any CPU
		{8ECAD522-D44C-49AE-9233-D8217EA9C5C7}.Debug|Any CPU.ActiveCfg = Debug|Any CPU
		{8ECAD522-D44C-49AE-9233-D8217EA9C5C7}.Debug|Any CPU.Build.0 = Debug|Any CPU
		{8ECAD522-D44C-49AE-9233-D8217EA9C5C7}.Release|Any CPU.ActiveCfg = Release|Any CPU
		{8ECAD522-D44C-49AE-9233-D8217EA9C5C7}.Release|Any CPU.Build.0 = Release|Any CPU
		{643D1E62-2E71-4897-89B2-9B1D52184B22}.Debug|Any CPU.ActiveCfg = Debug|Any CPU
		{643D1E62-2E71-4897-89B2-9B1D52184B22}.Debug|Any CPU.Build.0 = Debug|Any CPU
		{643D1E62-2E71-4897-89B2-9B1D52184B22}.Release|Any CPU.ActiveCfg = Release|Any CPU
		{643D1E62-2E71-4897-89B2-9B1D52184B22}.Release|Any CPU.Build.0 = Release|Any CPU
	EndGlobalSection
	GlobalSection(SolutionProperties) = preSolution
		HideSolutionNode = FALSE
	EndGlobalSection
	GlobalSection(NestedProjects) = preSolution
		{C177952F-027C-4C86-8C74-C0AD445E8A3E} = {577CE0AD-7557-454F-8342-1E931669EA5E}
		{8ECAD522-D44C-49AE-9233-D8217EA9C5C7} = {8D064D52-AD5D-47C0-8359-260453DF1454}
		{643D1E62-2E71-4897-89B2-9B1D52184B22} = {61AB5A64-BD98-4B21-8704-B2616934F28C}
	EndGlobalSection
	GlobalSection(ExtensibilityGlobals) = postSolution
		SolutionGuid = {762D8133-E3CA-4676-A26B-75A8CF4C330E}
	EndGlobalSection
EndGlobal
